
Microsoft Visual Studio Solution File, Format Version 12.00
# Visual Studio Version 17
VisualStudioVersion = 17.7.34031.279
MinimumVisualStudioVersion = 10.0.40219.1
Project("{FAE04EC0-301F-11D3-BF4B-00C04F79EFBC}") = "Ejercicios_practicos2", "Ejercicios_practicos2\Ejercicios_practicos2.csproj", "{C852A773-115C-4FF4-AEFB-21BC6A5CD6EF}"
EndProject
Global
	GlobalSection(SolutionConfigurationPlatforms) = preSolution
		Debug|Any CPU = Debug|Any CPU
		Release|Any CPU = Release|Any CPU
	EndGlobalSection
	GlobalSection(ProjectConfigurationPlatforms) = postSolution
		{C852A773-115C-4FF4-AEFB-21BC6A5CD6EF}.Debug|Any CPU.ActiveCfg = Debug|Any CPU
		{C852A773-115C-4FF4-AEFB-21BC6A5CD6EF}.Debug|Any CPU.Build.0 = Debug|Any CPU
		{C852A773-115C-4FF4-AEFB-21BC6A5CD6EF}.Release|Any CPU.ActiveCfg = Release|Any CPU
		{C852A773-115C-4FF4-AEFB-21BC6A5CD6EF}.Release|Any CPU.Build.0 = Release|Any CPU
	EndGlobalSection
	GlobalSection(SolutionProperties) = preSolution
		HideSolutionNode = FALSE
	EndGlobalSection
	GlobalSection(ExtensibilityGlobals) = postSolution
		SolutionGuid = {88B5FC67-5A1F-4F92-9581-E77940D46792}
	EndGlobalSection
EndGlobal
